
Microsoft Visual Studio Solution File, Format Version 12.00
# Visual Studio Version 17
VisualStudioVersion = 17.5.33516.290
MinimumVisualStudioVersion = 10.0.40219.1
Project("{9A19103F-16F7-4668-BE54-9A1E7A4F7556}") = "DressStore", "DressStore\DressStore.csproj", "{DBE60BBC-17C9-401A-B610-3A879123951A}"
EndProject
Project("{FAE04EC0-301F-11D3-BF4B-00C04F79EFBC}") = "DressStore.DataAccess", "DressStore.DataAccess\DressStore.DataAccess.csproj", "{DB04F08C-531E-4317-9351-43956220B4A9}"
EndProject
Project("{FAE04EC0-301F-11D3-BF4B-00C04F79EFBC}") = "DressStore.Models", "DressStore.Models\DressStore.Models.csproj", "{E61CA1E2-76E4-47BD-A909-166D53487627}"
EndProject
Project("{FAE04EC0-301F-11D3-BF4B-00C04F79EFBC}") = "DressStore.Utility", "DressStore.Utility\DressStore.Utility.csproj", "{D39F5DFC-60C4-4D92-BC79-B540866C09AB}"
EndProject
Global
	GlobalSection(SolutionConfigurationPlatforms) = preSolution
		Debug|Any CPU = Debug|Any CPU
		Release|Any CPU = Release|Any CPU
	EndGlobalSection
	GlobalSection(ProjectConfigurationPlatforms) = postSolution
		{DBE60BBC-17C9-401A-B610-3A879123951A}.Debug|Any CPU.ActiveCfg = Debug|Any CPU
		{DBE60BBC-17C9-401A-B610-3A879123951A}.Debug|Any CPU.Build.0 = Debug|Any CPU
		{DBE60BBC-17C9-401A-B610-3A879123951A}.Release|Any CPU.ActiveCfg = Release|Any CPU
		{DBE60BBC-17C9-401A-B610-3A879123951A}.Release|Any CPU.Build.0 = Release|Any CPU
		{DB04F08C-531E-4317-9351-43956220B4A9}.Debug|Any CPU.ActiveCfg = Debug|Any CPU
		{DB04F08C-531E-4317-9351-43956220B4A9}.Debug|Any CPU.Build.0 = Debug|Any CPU
		{DB04F08C-531E-4317-9351-43956220B4A9}.Release|Any CPU.ActiveCfg = Release|Any CPU
		{DB04F08C-531E-4317-9351-43956220B4A9}.Release|Any CPU.Build.0 = Release|Any CPU
		{E61CA1E2-76E4-47BD-A909-166D53487627}.Debug|Any CPU.ActiveCfg = Debug|Any CPU
		{E61CA1E2-76E4-47BD-A909-166D53487627}.Debug|Any CPU.Build.0 = Debug|Any CPU
		{E61CA1E2-76E4-47BD-A909-166D53487627}.Release|Any CPU.ActiveCfg = Release|Any CPU
		{E61CA1E2-76E4-47BD-A909-166D53487627}.Release|Any CPU.Build.0 = Release|Any CPU
		{D39F5DFC-60C4-4D92-BC79-B540866C09AB}.Debug|Any CPU.ActiveCfg = Debug|Any CPU
		{D39F5DFC-60C4-4D92-BC79-B540866C09AB}.Debug|Any CPU.Build.0 = Debug|Any CPU
		{D39F5DFC-60C4-4D92-BC79-B540866C09AB}.Release|Any CPU.ActiveCfg = Release|Any CPU
		{D39F5DFC-60C4-4D92-BC79-B540866C09AB}.Release|Any CPU.Build.0 = Release|Any CPU
	EndGlobalSection
	GlobalSection(SolutionProperties) = preSolution
		HideSolutionNode = FALSE
	EndGlobalSection
	GlobalSection(ExtensibilityGlobals) = postSolution
		SolutionGuid = {F7942662-3175-436C-AEE5-244100F87A00}
	EndGlobalSection
EndGlobal
