
Microsoft Visual Studio Solution File, Format Version 12.00
# Visual Studio Version 17
VisualStudioVersion = 17.5.33516.290
MinimumVisualStudioVersion = 10.0.40219.1
Project("{FAE04EC0-301F-11D3-BF4B-00C04F79EFBC}") = "DressStore", "DressStore\DressStore.csproj", "{DBE60BBC-17C9-401A-B610-3A879123951A}"
EndProject
Global
	GlobalSection(SolutionConfigurationPlatforms) = preSolution
		Debug|Any CPU = Debug|Any CPU
		Release|Any CPU = Release|Any CPU
	EndGlobalSection
	GlobalSection(ProjectConfigurationPlatforms) = postSolution
		{DBE60BBC-17C9-401A-B610-3A879123951A}.Debug|Any CPU.ActiveCfg = Debug|Any CPU
		{DBE60BBC-17C9-401A-B610-3A879123951A}.Debug|Any CPU.Build.0 = Debug|Any CPU
		{DBE60BBC-17C9-401A-B610-3A879123951A}.Release|Any CPU.ActiveCfg = Release|Any CPU
		{DBE60BBC-17C9-401A-B610-3A879123951A}.Release|Any CPU.Build.0 = Release|Any CPU
	EndGlobalSection
	GlobalSection(SolutionProperties) = preSolution
		HideSolutionNode = FALSE
	EndGlobalSection
	GlobalSection(ExtensibilityGlobals) = postSolution
		SolutionGuid = {F7942662-3175-436C-AEE5-244100F87A00}
	EndGlobalSection
EndGlobal
